# @generated - this file is auto-generated by `mise lock` https://mise.en.dev/dev-tools/mise-lock.html

[[tools."aqua:BurntSushi/ripgrep"]]
version = "15.1.0"
backend = "aqua:BurntSushi/ripgrep"

[tools."aqua:BurntSushi/ripgrep"."platforms.linux-arm64"]
checksum = "sha256:2b661c6ef508e902f388e9098d9c4c5aca72c87b55922d94abdba830b4dc885e"
url = "https://github.com/BurntSushi/ripgrep/releases/download/15.1.0/ripgrep-15.1.0-aarch64-unknown-linux-gnu.tar.gz"

[tools."aqua:BurntSushi/ripgrep"."platforms.linux-arm64-musl"]
checksum = "sha256:2b661c6ef508e902f388e9098d9c4c5aca72c87b55922d94abdba830b4dc885e"
url = "https://github.com/BurntSushi/ripgrep/releases/download/15.1.0/ripgrep-15.1.0-aarch64-unknown-linux-gnu.tar.gz"

[tools."aqua:BurntSushi/ripgrep"."platforms.linux-x64"]
checksum = "sha256:1c9297be4a084eea7ecaedf93eb03d058d6faae29bbc57ecdaf5063921491599"
url = "https://github.com/BurntSushi/ripgrep/releases/download/15.1.0/ripgrep-15.1.0-x86_64-unknown-linux-musl.tar.gz"

[tools."aqua:BurntSushi/ripgrep"."platforms.linux-x64-musl"]
checksum = "sha256:1c9297be4a084eea7ecaedf93eb03d058d6faae29bbc57ecdaf5063921491599"
url = "https://github.com/BurntSushi/ripgrep/releases/download/15.1.0/ripgrep-15.1.0-x86_64-unknown-linux-musl.tar.gz"

[tools."aqua:BurntSushi/ripgrep"."platforms.macos-arm64"]
checksum = "sha256:378e973289176ca0c6054054ee7f631a065874a352bf43f0fa60ef079b6ba715"
url = "https://github.com/BurntSushi/ripgrep/releases/download/15.1.0/ripgrep-15.1.0-aarch64-apple-darwin.tar.gz"

[tools."aqua:BurntSushi/ripgrep"."platforms.macos-x64"]
checksum = "sha256:64811cb24e77cac3057d6c40b63ac9becf9082eedd54ca411b475b755d334882"
url = "https://github.com/BurntSushi/ripgrep/releases/download/15.1.0/ripgrep-15.1.0-x86_64-apple-darwin.tar.gz"

[tools."aqua:BurntSushi/ripgrep"."platforms.windows-x64"]
checksum = "sha256:124510b94b6baa3380d051fdf4650eaa80a302c876d611e9dba0b2e18d87493a"
url = "https://github.com/BurntSushi/ripgrep/releases/download/15.1.0/ripgrep-15.1.0-x86_64-pc-windows-msvc.zip"

[[tools."aqua:Kitware/CMake"]]
version = "4.3.2"
backend = "aqua:Kitware/CMake"

[tools."aqua:Kitware/CMake"."platforms.linux-arm64"]
checksum = "sha256:377079ab739f5765176f427609d9a2015b756ea20d5cba908d279c3731a2f481"
url = "https://github.com/Kitware/CMake/releases/download/v4.3.2/cmake-4.3.2-linux-aarch64.tar.gz"

[tools."aqua:Kitware/CMake"."platforms.linux-arm64-musl"]
checksum = "sha256:377079ab739f5765176f427609d9a2015b756ea20d5cba908d279c3731a2f481"
url = "https://github.com/Kitware/CMake/releases/download/v4.3.2/cmake-4.3.2-linux-aarch64.tar.gz"

[tools."aqua:Kitware/CMake"."platforms.linux-x64"]
checksum = "sha256:791ae3604841ca03cb3889a3ad89165346e4b180ae3448efd4b0caa9ef46d245"
url = "https://github.com/Kitware/CMake/releases/download/v4.3.2/cmake-4.3.2-linux-x86_64.tar.gz"

[tools."aqua:Kitware/CMake"."platforms.linux-x64-musl"]
checksum = "sha256:791ae3604841ca03cb3889a3ad89165346e4b180ae3448efd4b0caa9ef46d245"
url = "https://github.com/Kitware/CMake/releases/download/v4.3.2/cmake-4.3.2-linux-x86_64.tar.gz"

[tools."aqua:Kitware/CMake"."platforms.macos-arm64"]
checksum = "sha256:808ab43a0db04c8eec9ed7db12b90d7be1c8e2e75f4a060724d604a2043ccaf7"
url = "https://github.com/Kitware/CMake/releases/download/v4.3.2/cmake-4.3.2-macos-universal.tar.gz"

[tools."aqua:Kitware/CMake"."platforms.macos-x64"]
checksum = "sha256:808ab43a0db04c8eec9ed7db12b90d7be1c8e2e75f4a060724d604a2043ccaf7"
url = "https://github.com/Kitware/CMake/releases/download/v4.3.2/cmake-4.3.2-macos-universal.tar.gz"

[tools."aqua:Kitware/CMake"."platforms.windows-x64"]
checksum = "sha256:83d20c23f5c5f64b3b328785e35b23c532e33057a97ed6294acaca3781b78a01"
url = "https://github.com/Kitware/CMake/releases/download/v4.3.2/cmake-4.3.2-windows-x86_64.zip"

[[tools."aqua:crate-ci/typos"]]
version = "1.47.2"
backend = "aqua:crate-ci/typos"

[tools."aqua:crate-ci/typos"."platforms.linux-arm64"]
checksum = "sha256:596d5c6b9ecf34307f68bea649178c5b45a4398fe3a1fcef9598e85aa2ccb742"
url = "https://github.com/crate-ci/typos/releases/download/v1.47.2/typos-v1.47.2-aarch64-unknown-linux-musl.tar.gz"

[tools."aqua:crate-ci/typos"."platforms.linux-arm64-musl"]
checksum = "sha256:596d5c6b9ecf34307f68bea649178c5b45a4398fe3a1fcef9598e85aa2ccb742"
url = "https://github.com/crate-ci/typos/releases/download/v1.47.2/typos-v1.47.2-aarch64-unknown-linux-musl.tar.gz"

[tools."aqua:crate-ci/typos"."platforms.linux-x64"]
checksum = "sha256:7aef58932fc123b4cf4b40d86468e89a3297d80169051d7cfd13a235e05fc426"
url = "https://github.com/crate-ci/typos/releases/download/v1.47.2/typos-v1.47.2-x86_64-unknown-linux-musl.tar.gz"

[tools."aqua:crate-ci/typos"."platforms.linux-x64-musl"]
checksum = "sha256:7aef58932fc123b4cf4b40d86468e89a3297d80169051d7cfd13a235e05fc426"
url = "https://github.com/crate-ci/typos/releases/download/v1.47.2/typos-v1.47.2-x86_64-unknown-linux-musl.tar.gz"

[tools."aqua:crate-ci/typos"."platforms.macos-arm64"]
checksum = "sha256:23ca24a9186b5cb395b5f6c8eea8cdb02911c8980833e016454b56e90c3bd474"
url = "https://github.com/crate-ci/typos/releases/download/v1.47.2/typos-v1.47.2-aarch64-apple-darwin.tar.gz"

[tools."aqua:crate-ci/typos"."platforms.macos-x64"]
checksum = "sha256:469a2d9fc894b0cdcec6e4fa3719b4c4638e195feee6517d4845450f8e8985c6"
url = "https://github.com/crate-ci/typos/releases/download/v1.47.2/typos-v1.47.2-x86_64-apple-darwin.tar.gz"

[tools."aqua:crate-ci/typos"."platforms.windows-x64"]
checksum = "sha256:f4a12400c48cc08e7f5435b64d0ecb08c54091b97c3ccabf6cea178d0969ca1f"
url = "https://github.com/crate-ci/typos/releases/download/v1.47.2/typos-v1.47.2-x86_64-pc-windows-msvc.zip"

[[tools."aqua:dprint/dprint"]]
version = "0.54.0"
backend = "aqua:dprint/dprint"

[tools."aqua:dprint/dprint"."platforms.linux-arm64"]
checksum = "sha256:9a66b5931ca30402a3dd2933c432c6b6316eedd08037ab0aeb8d24cd17b2a301"
url = "https://github.com/dprint/dprint/releases/download/0.54.0/dprint-aarch64-unknown-linux-musl.zip"

[tools."aqua:dprint/dprint"."platforms.linux-arm64-musl"]
checksum = "sha256:9a66b5931ca30402a3dd2933c432c6b6316eedd08037ab0aeb8d24cd17b2a301"
url = "https://github.com/dprint/dprint/releases/download/0.54.0/dprint-aarch64-unknown-linux-musl.zip"

[tools."aqua:dprint/dprint"."platforms.linux-x64"]
checksum = "sha256:859ae94e596105201faa59a3fb4bedc8316e226e3e154ae410f9373461e1e41c"
url = "https://github.com/dprint/dprint/releases/download/0.54.0/dprint-x86_64-unknown-linux-musl.zip"

[tools."aqua:dprint/dprint"."platforms.linux-x64-musl"]
checksum = "sha256:859ae94e596105201faa59a3fb4bedc8316e226e3e154ae410f9373461e1e41c"
url = "https://github.com/dprint/dprint/releases/download/0.54.0/dprint-x86_64-unknown-linux-musl.zip"

[tools."aqua:dprint/dprint"."platforms.macos-arm64"]
checksum = "sha256:1d6a8fb14d66cba0f049738edd4ab3b1afc1de6d936cd32e483e33284cfd1ade"
url = "https://github.com/dprint/dprint/releases/download/0.54.0/dprint-aarch64-apple-darwin.zip"

[tools."aqua:dprint/dprint"."platforms.macos-x64"]
checksum = "sha256:fdbffa16cf0890ca30e958ffdabe7748e733867651a438ede1501f0e1a7b5e91"
url = "https://github.com/dprint/dprint/releases/download/0.54.0/dprint-x86_64-apple-darwin.zip"

[tools."aqua:dprint/dprint"."platforms.windows-x64"]
checksum = "sha256:3fd881acaf7fd4fbc5d07c3030ce79b965a4cb7128fe0eb1ebe725188ccd2715"
url = "https://github.com/dprint/dprint/releases/download/0.54.0/dprint-x86_64-pc-windows-msvc.zip"

[[tools."aqua:koalaman/shellcheck"]]
version = "0.11.0"
backend = "aqua:koalaman/shellcheck"

[tools."aqua:koalaman/shellcheck"."platforms.linux-arm64"]
checksum = "sha256:12b331c1d2db6b9eb13cfca64306b1b157a86eb69db83023e261eaa7e7c14588"
url = "https://github.com/koalaman/shellcheck/releases/download/v0.11.0/shellcheck-v0.11.0.linux.aarch64.tar.xz"

[tools."aqua:koalaman/shellcheck"."platforms.linux-arm64-musl"]
checksum = "sha256:12b331c1d2db6b9eb13cfca64306b1b157a86eb69db83023e261eaa7e7c14588"
url = "https://github.com/koalaman/shellcheck/releases/download/v0.11.0/shellcheck-v0.11.0.linux.aarch64.tar.xz"

[tools."aqua:koalaman/shellcheck"."platforms.linux-x64"]
checksum = "sha256:8c3be12b05d5c177a04c29e3c78ce89ac86f1595681cab149b65b97c4e227198"
url = "https://github.com/koalaman/shellcheck/releases/download/v0.11.0/shellcheck-v0.11.0.linux.x86_64.tar.xz"

[tools."aqua:koalaman/shellcheck"."platforms.linux-x64-musl"]
checksum = "sha256:8c3be12b05d5c177a04c29e3c78ce89ac86f1595681cab149b65b97c4e227198"
url = "https://github.com/koalaman/shellcheck/releases/download/v0.11.0/shellcheck-v0.11.0.linux.x86_64.tar.xz"

[tools."aqua:koalaman/shellcheck"."platforms.macos-arm64"]
checksum = "sha256:56affdd8de5527894dca6dc3d7e0a99a873b0f004d7aabc30ae407d3f48b0a79"
url = "https://github.com/koalaman/shellcheck/releases/download/v0.11.0/shellcheck-v0.11.0.darwin.aarch64.tar.xz"

[tools."aqua:koalaman/shellcheck"."platforms.macos-x64"]
checksum = "sha256:3c89db4edcab7cf1c27bff178882e0f6f27f7afdf54e859fa041fca10febe4c6"
url = "https://github.com/koalaman/shellcheck/releases/download/v0.11.0/shellcheck-v0.11.0.darwin.x86_64.tar.xz"

[tools."aqua:koalaman/shellcheck"."platforms.windows-x64"]
checksum = "sha256:8a4e35ab0b331c85d73567b12f2a444df187f483e5079ceffa6bda1faa2e740e"
url = "https://github.com/koalaman/shellcheck/releases/download/v0.11.0/shellcheck-v0.11.0.zip"

[[tools."aqua:mvdan/sh"]]
version = "3.13.1"
backend = "aqua:mvdan/sh"

[tools."aqua:mvdan/sh"."platforms.linux-arm64"]
checksum = "sha256:32d92acaa5cd8abb29fc49dac123dc412442d5713967819d8af2c29f1b3857c7"
url = "https://github.com/mvdan/sh/releases/download/v3.13.1/shfmt_v3.13.1_linux_arm64"

[tools."aqua:mvdan/sh"."platforms.linux-arm64-musl"]
checksum = "sha256:32d92acaa5cd8abb29fc49dac123dc412442d5713967819d8af2c29f1b3857c7"
url = "https://github.com/mvdan/sh/releases/download/v3.13.1/shfmt_v3.13.1_linux_arm64"

[tools."aqua:mvdan/sh"."platforms.linux-x64"]
checksum = "sha256:fb096c5d1ac6beabbdbaa2874d025badb03ee07929f0c9ff67563ce8c75398b1"
url = "https://github.com/mvdan/sh/releases/download/v3.13.1/shfmt_v3.13.1_linux_amd64"

[tools."aqua:mvdan/sh"."platforms.linux-x64-musl"]
checksum = "sha256:fb096c5d1ac6beabbdbaa2874d025badb03ee07929f0c9ff67563ce8c75398b1"
url = "https://github.com/mvdan/sh/releases/download/v3.13.1/shfmt_v3.13.1_linux_amd64"

[tools."aqua:mvdan/sh"."platforms.macos-arm64"]
checksum = "sha256:9680526be4a66ea1ffe988ed08af58e1400fe1e4f4aef5bd88b20bb9b3da33f8"
url = "https://github.com/mvdan/sh/releases/download/v3.13.1/shfmt_v3.13.1_darwin_arm64"

[tools."aqua:mvdan/sh"."platforms.macos-x64"]
checksum = "sha256:6feedafc72915794163114f512348e2437d080d0047ef8b8fa2ec63b575f12af"
url = "https://github.com/mvdan/sh/releases/download/v3.13.1/shfmt_v3.13.1_darwin_amd64"

[tools."aqua:mvdan/sh"."platforms.windows-x64"]
checksum = "sha256:60cd368533d0ad73fa86d93d5bbf95ef40587245ce684ed138c1b31557b5fe97"
url = "https://github.com/mvdan/sh/releases/download/v3.13.1/shfmt_v3.13.1_windows_amd64.exe"

[[tools."aqua:ninja-build/ninja"]]
version = "1.13.2"
backend = "aqua:ninja-build/ninja"

[tools."aqua:ninja-build/ninja"."platforms.linux-arm64"]
checksum = "sha256:fd2cacc8050a7f12a16a2e48f9e06fca5c14fc4c2bee2babb67b58be17a607fc"
url = "https://github.com/ninja-build/ninja/releases/download/v1.13.2/ninja-linux-aarch64.zip"

[tools."aqua:ninja-build/ninja"."platforms.linux-arm64-musl"]
checksum = "sha256:fd2cacc8050a7f12a16a2e48f9e06fca5c14fc4c2bee2babb67b58be17a607fc"
url = "https://github.com/ninja-build/ninja/releases/download/v1.13.2/ninja-linux-aarch64.zip"

[tools."aqua:ninja-build/ninja"."platforms.linux-x64"]
checksum = "sha256:5749cbc4e668273514150a80e387a957f933c6ed3f5f11e03fb30955e2bbead6"
url = "https://github.com/ninja-build/ninja/releases/download/v1.13.2/ninja-linux.zip"

[tools."aqua:ninja-build/ninja"."platforms.linux-x64-musl"]
checksum = "sha256:5749cbc4e668273514150a80e387a957f933c6ed3f5f11e03fb30955e2bbead6"
url = "https://github.com/ninja-build/ninja/releases/download/v1.13.2/ninja-linux.zip"

[tools."aqua:ninja-build/ninja"."platforms.macos-arm64"]
checksum = "sha256:c99048673aa765960a99cf10c6ddb9f1fad506099ff0a0e137ad8960a88f321b"
url = "https://github.com/ninja-build/ninja/releases/download/v1.13.2/ninja-mac.zip"

[tools."aqua:ninja-build/ninja"."platforms.macos-x64"]
checksum = "sha256:c99048673aa765960a99cf10c6ddb9f1fad506099ff0a0e137ad8960a88f321b"
url = "https://github.com/ninja-build/ninja/releases/download/v1.13.2/ninja-mac.zip"

[tools."aqua:ninja-build/ninja"."platforms.windows-x64"]
checksum = "sha256:07fc8261b42b20e71d1720b39068c2e14ffcee6396b76fb7a795fb460b78dc65"
url = "https://github.com/ninja-build/ninja/releases/download/v1.13.2/ninja-win.zip"

[[tools."aqua:rvben/rumdl"]]
version = "0.2.9"
backend = "aqua:rvben/rumdl"

[tools."aqua:rvben/rumdl"."platforms.linux-arm64"]
checksum = "sha256:a319a4934c43f0269e8805e773e8ea3be020f147a61c15e16d068b975fb5c280"
url = "https://github.com/rvben/rumdl/releases/download/v0.2.9/rumdl-v0.2.9-aarch64-unknown-linux-musl.tar.gz"
provenance = "github-attestations"

[tools."aqua:rvben/rumdl"."platforms.linux-arm64-musl"]
checksum = "sha256:a319a4934c43f0269e8805e773e8ea3be020f147a61c15e16d068b975fb5c280"
url = "https://github.com/rvben/rumdl/releases/download/v0.2.9/rumdl-v0.2.9-aarch64-unknown-linux-musl.tar.gz"
provenance = "github-attestations"

[tools."aqua:rvben/rumdl"."platforms.linux-x64"]
checksum = "sha256:dee92319de062a2d97fa72769eb15f0744241741d0b439fd69e0d58d0a03e505"
url = "https://github.com/rvben/rumdl/releases/download/v0.2.9/rumdl-v0.2.9-x86_64-unknown-linux-musl.tar.gz"
provenance = "github-attestations"

[tools."aqua:rvben/rumdl"."platforms.linux-x64-musl"]
checksum = "sha256:dee92319de062a2d97fa72769eb15f0744241741d0b439fd69e0d58d0a03e505"
url = "https://github.com/rvben/rumdl/releases/download/v0.2.9/rumdl-v0.2.9-x86_64-unknown-linux-musl.tar.gz"
provenance = "github-attestations"

[tools."aqua:rvben/rumdl"."platforms.macos-arm64"]
checksum = "sha256:772ccabd903bf9fc9844b706c14d433c4233202eef19e5c34561f516ae3b8f99"
url = "https://github.com/rvben/rumdl/releases/download/v0.2.9/rumdl-v0.2.9-aarch64-apple-darwin.tar.gz"
provenance = "github-attestations"

[tools."aqua:rvben/rumdl"."platforms.macos-x64"]
checksum = "sha256:3939cc5606315a99f0878452c02eab1b8f1a844eed2452c36f838c37ce46b653"
url = "https://github.com/rvben/rumdl/releases/download/v0.2.9/rumdl-v0.2.9-x86_64-apple-darwin.tar.gz"
provenance = "github-attestations"

[tools."aqua:rvben/rumdl"."platforms.windows-x64"]
checksum = "sha256:cd4c42c26aa31ff62add313bb8ff6b0d1cbe2e043e8b42895736fa1d20a1755c"
url = "https://github.com/rvben/rumdl/releases/download/v0.2.9/rumdl-v0.2.9-x86_64-pc-windows-msvc.zip"
provenance = "github-attestations"

[[tools."aqua:tamasfe/taplo"]]
version = "0.10.0"
backend = "aqua:tamasfe/taplo"

[tools."aqua:tamasfe/taplo"."platforms.linux-arm64"]
url = "https://github.com/tamasfe/taplo/releases/download/0.10.0/taplo-linux-aarch64.gz"

[tools."aqua:tamasfe/taplo"."platforms.linux-arm64-musl"]
url = "https://github.com/tamasfe/taplo/releases/download/0.10.0/taplo-linux-aarch64.gz"

[tools."aqua:tamasfe/taplo"."platforms.linux-x64"]
checksum = "blake3:4871fab0e60275a1eb46e7190726e144f56c9a9527f59b0d1da5a042baead8e2"
url = "https://github.com/tamasfe/taplo/releases/download/0.10.0/taplo-linux-x86_64.gz"

[tools."aqua:tamasfe/taplo"."platforms.linux-x64-musl"]
url = "https://github.com/tamasfe/taplo/releases/download/0.10.0/taplo-linux-x86_64.gz"

[tools."aqua:tamasfe/taplo"."platforms.macos-arm64"]
url = "https://github.com/tamasfe/taplo/releases/download/0.10.0/taplo-darwin-aarch64.gz"

[tools."aqua:tamasfe/taplo"."platforms.macos-x64"]
url = "https://github.com/tamasfe/taplo/releases/download/0.10.0/taplo-darwin-x86_64.gz"

[tools."aqua:tamasfe/taplo"."platforms.windows-x64"]
url = "https://github.com/tamasfe/taplo/releases/download/0.10.0/taplo-windows-x86_64.zip"

[[tools.cmake]]
version = "3.19.8"
backend = "aqua:Kitware/CMake"

[tools.cmake."platforms.linux-arm64"]
url = "https://github.com/Kitware/CMake/releases/download/v3.19.8/cmake-3.19.8-Linux-aarch64.tar.gz"

[tools.cmake."platforms.linux-arm64-musl"]
url = "https://github.com/Kitware/CMake/releases/download/v3.19.8/cmake-3.19.8-Linux-aarch64.tar.gz"

[tools.cmake."platforms.linux-x64"]
url = "https://github.com/Kitware/CMake/releases/download/v3.19.8/cmake-3.19.8-Linux-x86_64.tar.gz"

[tools.cmake."platforms.linux-x64-musl"]
url = "https://github.com/Kitware/CMake/releases/download/v3.19.8/cmake-3.19.8-Linux-x86_64.tar.gz"

[tools.cmake."platforms.macos-arm64"]
url = "https://github.com/Kitware/CMake/releases/download/v3.19.8/cmake-3.19.8-macos-universal.tar.gz"

[tools.cmake."platforms.macos-x64"]
url = "https://github.com/Kitware/CMake/releases/download/v3.19.8/cmake-3.19.8-macos-universal.tar.gz"

[tools.cmake."platforms.windows-x64"]
url = "https://github.com/Kitware/CMake/releases/download/v3.19.8/cmake-3.19.8-win64-x64.zip"

[[tools.ninja]]
version = "1.13.2"
backend = "aqua:ninja-build/ninja"

[tools.ninja."platforms.linux-arm64"]
checksum = "sha256:fd2cacc8050a7f12a16a2e48f9e06fca5c14fc4c2bee2babb67b58be17a607fc"
url = "https://github.com/ninja-build/ninja/releases/download/v1.13.2/ninja-linux-aarch64.zip"

[tools.ninja."platforms.linux-arm64-musl"]
checksum = "sha256:fd2cacc8050a7f12a16a2e48f9e06fca5c14fc4c2bee2babb67b58be17a607fc"
url = "https://github.com/ninja-build/ninja/releases/download/v1.13.2/ninja-linux-aarch64.zip"

[tools.ninja."platforms.linux-x64"]
checksum = "sha256:5749cbc4e668273514150a80e387a957f933c6ed3f5f11e03fb30955e2bbead6"
url = "https://github.com/ninja-build/ninja/releases/download/v1.13.2/ninja-linux.zip"

[tools.ninja."platforms.linux-x64-musl"]
checksum = "sha256:5749cbc4e668273514150a80e387a957f933c6ed3f5f11e03fb30955e2bbead6"
url = "https://github.com/ninja-build/ninja/releases/download/v1.13.2/ninja-linux.zip"

[tools.ninja."platforms.macos-arm64"]
checksum = "sha256:c99048673aa765960a99cf10c6ddb9f1fad506099ff0a0e137ad8960a88f321b"
url = "https://github.com/ninja-build/ninja/releases/download/v1.13.2/ninja-mac.zip"

[tools.ninja."platforms.macos-x64"]
checksum = "sha256:c99048673aa765960a99cf10c6ddb9f1fad506099ff0a0e137ad8960a88f321b"
url = "https://github.com/ninja-build/ninja/releases/download/v1.13.2/ninja-mac.zip"

[tools.ninja."platforms.windows-x64"]
checksum = "sha256:07fc8261b42b20e71d1720b39068c2e14ffcee6396b76fb7a795fb460b78dc65"
url = "https://github.com/ninja-build/ninja/releases/download/v1.13.2/ninja-win.zip"

[[tools.node]]
version = "22.22.3"
backend = "core:node"

[tools.node."platforms.linux-arm64"]
checksum = "sha256:cc8bc82b2dd0b595c3b95a4c3c9c8c350907cff011afbdee3d1379e812e1e3e3"
url = "https://nodejs.org/dist/v22.22.3/node-v22.22.3-linux-arm64.tar.gz"

[tools.node."platforms.linux-arm64-musl"]
checksum = "sha256:09c87acbafae65e18fcc0eb188376c1254cab74dc769118f4b60479c5fa326cf"
url = "https://unofficial-builds.nodejs.org/download/release/v22.22.3/node-v22.22.3-linux-arm64-musl.tar.gz"

[tools.node."platforms.linux-x64"]
checksum = "sha256:c7a10d6816da8eaaa7534dd73c71c6e2b2c391dbbf845e364902d156615dd1b8"
url = "https://nodejs.org/dist/v22.22.3/node-v22.22.3-linux-x64.tar.gz"

[tools.node."platforms.linux-x64-musl"]
checksum = "sha256:d227692583d6ae17c44028fd8f17cb1b3672167a6baa035818240cbb9db6ea4a"
url = "https://unofficial-builds.nodejs.org/download/release/v22.22.3/node-v22.22.3-linux-x64-musl.tar.gz"

[tools.node."platforms.macos-arm64"]
checksum = "sha256:0da7ff74ef8611328c8212f17943368713a2ad953fb7d89a8c8a0eae87c23207"
url = "https://nodejs.org/dist/v22.22.3/node-v22.22.3-darwin-arm64.tar.gz"

[tools.node."platforms.macos-x64"]
checksum = "sha256:45830ba752fa0d892c6dcd640946669801293cac820a33591ded40ac075198ec"
url = "https://nodejs.org/dist/v22.22.3/node-v22.22.3-darwin-x64.tar.gz"

[tools.node."platforms.windows-x64"]
checksum = "sha256:6c8d54f635feff4df76c2ca80f45332eb2ff57d25226edce36592e51a177ee33"
url = "https://nodejs.org/dist/v22.22.3/node-v22.22.3-win-x64.zip"

[[tools."npm:@webos-tools/cli"]]
version = "3.2.3"
backend = "npm:@webos-tools/cli"

[[tools."pipx:clang-format"]]
version = "22.1.5"
backend = "pipx:clang-format"

[[tools.python]]
version = "3.14.5"
backend = "core:python"

[tools.python."platforms.linux-arm64"]
checksum = "sha256:1d3ea1b3cd9b8f3d53afb629e82e9bc8f6dab6cbb1a7d23524bd86ba5bc22570"
url = "https://github.com/astral-sh/python-build-standalone/releases/download/20260602/cpython-3.14.5+20260602-aarch64-unknown-linux-gnu-install_only_stripped.tar.gz"
provenance = "github-attestations"

[tools.python."platforms.linux-arm64-musl"]
checksum = "sha256:23dfd69917f1c693b7ce857f014a72da546c8132c277bb6ac98fdbe12334e221"
url = "https://github.com/astral-sh/python-build-standalone/releases/download/20260602/cpython-3.14.5+20260602-aarch64-unknown-linux-musl-install_only_stripped.tar.gz"
provenance = "github-attestations"

[tools.python."platforms.linux-x64"]
checksum = "sha256:982a60fc7f11bbe405ab54afcd4eb145f1134797bbbffac9f5c49df4ec98b13e"
url = "https://github.com/astral-sh/python-build-standalone/releases/download/20260602/cpython-3.14.5+20260602-x86_64-unknown-linux-gnu-install_only_stripped.tar.gz"
provenance = "github-attestations"

[tools.python."platforms.linux-x64-musl"]
checksum = "sha256:09fb97b20df0ed9336d39468007619b3458489c33fa4166b43155587b382f84a"
url = "https://github.com/astral-sh/python-build-standalone/releases/download/20260602/cpython-3.14.5+20260602-x86_64-unknown-linux-musl-install_only_stripped.tar.gz"
provenance = "github-attestations"

[tools.python."platforms.macos-arm64"]
checksum = "sha256:3a0373cc39fefd494754ef555267f245c720cddbaaabf63a7c9a4269f1e56532"
url = "https://github.com/astral-sh/python-build-standalone/releases/download/20260602/cpython-3.14.5+20260602-aarch64-apple-darwin-install_only_stripped.tar.gz"
provenance = "github-attestations"

[tools.python."platforms.macos-x64"]
checksum = "sha256:d44ff6ec301cabc91eb0c756b1948b28579fb07feba36aaf1990e535649d5ea6"
url = "https://github.com/astral-sh/python-build-standalone/releases/download/20260602/cpython-3.14.5+20260602-x86_64-apple-darwin-install_only_stripped.tar.gz"
provenance = "github-attestations"

[tools.python."platforms.windows-x64"]
checksum = "sha256:66b065143e538c07f069f764d831d8ffae95507907d4ca211304e6f3a056435c"
url = "https://github.com/astral-sh/python-build-standalone/releases/download/20260602/cpython-3.14.5+20260602-x86_64-pc-windows-msvc-install_only_stripped.tar.gz"
provenance = "github-attestations"

[[tools.shellcheck]]
version = "0.10.0"
backend = "aqua:koalaman/shellcheck"

[tools.shellcheck."platforms.linux-arm64"]
url = "https://github.com/koalaman/shellcheck/releases/download/v0.10.0/shellcheck-v0.10.0.linux.aarch64.tar.xz"

[tools.shellcheck."platforms.linux-arm64-musl"]
url = "https://github.com/koalaman/shellcheck/releases/download/v0.10.0/shellcheck-v0.10.0.linux.aarch64.tar.xz"

[tools.shellcheck."platforms.linux-x64"]
url = "https://github.com/koalaman/shellcheck/releases/download/v0.10.0/shellcheck-v0.10.0.linux.x86_64.tar.xz"

[tools.shellcheck."platforms.linux-x64-musl"]
url = "https://github.com/koalaman/shellcheck/releases/download/v0.10.0/shellcheck-v0.10.0.linux.x86_64.tar.xz"

[tools.shellcheck."platforms.macos-arm64"]
url = "https://github.com/koalaman/shellcheck/releases/download/v0.10.0/shellcheck-v0.10.0.darwin.aarch64.tar.xz"

[tools.shellcheck."platforms.macos-x64"]
url = "https://github.com/koalaman/shellcheck/releases/download/v0.10.0/shellcheck-v0.10.0.darwin.x86_64.tar.xz"

[tools.shellcheck."platforms.windows-x64"]
url = "https://github.com/koalaman/shellcheck/releases/download/v0.10.0/shellcheck-v0.10.0.zip"

[[tools.shfmt]]
version = "3.10.0"
backend = "aqua:mvdan/sh"

[tools.shfmt."platforms.linux-arm64"]
checksum = "sha256:9d23013d56640e228732fd2a04a9ede0ab46bc2d764bf22a4a35fb1b14d707a8"
url = "https://github.com/mvdan/sh/releases/download/v3.10.0/shfmt_v3.10.0_linux_arm64"

[tools.shfmt."platforms.linux-arm64-musl"]
checksum = "sha256:9d23013d56640e228732fd2a04a9ede0ab46bc2d764bf22a4a35fb1b14d707a8"
url = "https://github.com/mvdan/sh/releases/download/v3.10.0/shfmt_v3.10.0_linux_arm64"

[tools.shfmt."platforms.linux-x64"]
checksum = "sha256:1f57a384d59542f8fac5f503da1f3ea44242f46dff969569e80b524d64b71dbc"
url = "https://github.com/mvdan/sh/releases/download/v3.10.0/shfmt_v3.10.0_linux_amd64"

[tools.shfmt."platforms.linux-x64-musl"]
checksum = "sha256:1f57a384d59542f8fac5f503da1f3ea44242f46dff969569e80b524d64b71dbc"
url = "https://github.com/mvdan/sh/releases/download/v3.10.0/shfmt_v3.10.0_linux_amd64"

[tools.shfmt."platforms.macos-arm64"]
checksum = "sha256:86030533a823c0a7cd92dee0f74094e5b901c3277b43def6337d5e19e56fe553"
url = "https://github.com/mvdan/sh/releases/download/v3.10.0/shfmt_v3.10.0_darwin_arm64"

[tools.shfmt."platforms.macos-x64"]
checksum = "sha256:ef8d970b3f695a7e8e7d40730eedd2d935ab9599f78a365f319c515bc59d4c83"
url = "https://github.com/mvdan/sh/releases/download/v3.10.0/shfmt_v3.10.0_darwin_amd64"

[tools.shfmt."platforms.windows-x64"]
checksum = "sha256:6e4c6acd38de7b4b1ba8f8082b9e688df8c9b861d3f8b2e7bb1b7270201a3587"
url = "https://github.com/mvdan/sh/releases/download/v3.10.0/shfmt_v3.10.0_windows_amd64.exe"
